
Microsoft Visual Studio Solution File, Format Version 12.00
# Visual Studio Version 17
VisualStudioVersion = 17.8.34330.188
MinimumVisualStudioVersion = 10.0.40219.1
Project("{FAE04EC0-301F-11D3-BF4B-00C04F79EFBC}") = "MPlayer", "MPlayer\MPlayer.csproj", "{7EC0D652-B8AD-4A1E-AE7B-51EE1FCF585F}"
EndProject
Global
	GlobalSection(SolutionConfigurationPlatforms) = preSolution
		Debug|Any CPU = Debug|Any CPU
		Release|Any CPU = Release|Any CPU
	EndGlobalSection
	GlobalSection(ProjectConfigurationPlatforms) = postSolution
		{7EC0D652-B8AD-4A1E-AE7B-51EE1FCF585F}.Debug|Any CPU.ActiveCfg = Debug|Any CPU
		{7EC0D652-B8AD-4A1E-AE7B-51EE1FCF585F}.Debug|Any CPU.Build.0 = Debug|Any CPU
		{7EC0D652-B8AD-4A1E-AE7B-51EE1FCF585F}.Release|Any CPU.ActiveCfg = Release|Any CPU
		{7EC0D652-B8AD-4A1E-AE7B-51EE1FCF585F}.Release|Any CPU.Build.0 = Release|Any CPU
	EndGlobalSection
	GlobalSection(SolutionProperties) = preSolution
		HideSolutionNode = FALSE
	EndGlobalSection
	GlobalSection(ExtensibilityGlobals) = postSolution
		SolutionGuid = {BB4EF00A-13B6-4CFA-A402-6AF843815AF8}
	EndGlobalSection
EndGlobal
