
Microsoft Visual Studio Solution File, Format Version 12.00
# Visual Studio Version 17
VisualStudioVersion = 17.8.34330.188
MinimumVisualStudioVersion = 10.0.40219.1
Project("{FAE04EC0-301F-11D3-BF4B-00C04F79EFBC}") = "WPFPractice", "WPFPractice\WPFPractice.csproj", "{1F27CBDA-E0C0-4D05-B112-F15F847040E3}"
EndProject
Global
	GlobalSection(SolutionConfigurationPlatforms) = preSolution
		Debug|Any CPU = Debug|Any CPU
		Release|Any CPU = Release|Any CPU
	EndGlobalSection
	GlobalSection(ProjectConfigurationPlatforms) = postSolution
		{1F27CBDA-E0C0-4D05-B112-F15F847040E3}.Debug|Any CPU.ActiveCfg = Debug|Any CPU
		{1F27CBDA-E0C0-4D05-B112-F15F847040E3}.Debug|Any CPU.Build.0 = Debug|Any CPU
		{1F27CBDA-E0C0-4D05-B112-F15F847040E3}.Release|Any CPU.ActiveCfg = Release|Any CPU
		{1F27CBDA-E0C0-4D05-B112-F15F847040E3}.Release|Any CPU.Build.0 = Release|Any CPU
	EndGlobalSection
	GlobalSection(SolutionProperties) = preSolution
		HideSolutionNode = FALSE
	EndGlobalSection
	GlobalSection(ExtensibilityGlobals) = postSolution
		SolutionGuid = {03D0D6AC-89D6-496B-B606-6EB69B001CD7}
	EndGlobalSection
EndGlobal
